
Microsoft Visual Studio Solution File, Format Version 12.00
# Visual Studio Version 16
VisualStudioVersion = 16.0.32901.82
MinimumVisualStudioVersion = 10.0.40219.1
Project("{9A19103F-16F7-4668-BE54-9A1E7A4F7556}") = "PW_1-2", "PW_1-2\PW_1-2.csproj", "{7D3DE75D-3D18-46D8-9294-AA26B393E5CF}"
EndProject
Global
	GlobalSection(SolutionConfigurationPlatforms) = preSolution
		Debug|Any CPU = Debug|Any CPU
		Release|Any CPU = Release|Any CPU
	EndGlobalSection
	GlobalSection(ProjectConfigurationPlatforms) = postSolution
		{7D3DE75D-3D18-46D8-9294-AA26B393E5CF}.Debug|Any CPU.ActiveCfg = Debug|Any CPU
		{7D3DE75D-3D18-46D8-9294-AA26B393E5CF}.Debug|Any CPU.Build.0 = Debug|Any CPU
		{7D3DE75D-3D18-46D8-9294-AA26B393E5CF}.Release|Any CPU.ActiveCfg = Release|Any CPU
		{7D3DE75D-3D18-46D8-9294-AA26B393E5CF}.Release|Any CPU.Build.0 = Release|Any CPU
	EndGlobalSection
	GlobalSection(SolutionProperties) = preSolution
		HideSolutionNode = FALSE
	EndGlobalSection
	GlobalSection(ExtensibilityGlobals) = postSolution
		SolutionGuid = {D3CB5C00-1C18-4DB9-A5FA-181CECCB5AD9}
	EndGlobalSection
EndGlobal
